
Microsoft Visual Studio Solution File, Format Version 12.00
# Visual Studio Version 16
VisualStudioVersion = 16.0.30711.63
MinimumVisualStudioVersion = 10.0.40219.1
Project("{9A19103F-16F7-4668-BE54-9A1E7A4F7556}") = "KampIntro", "KampIntro\KampIntro.csproj", "{13AB54BC-CD58-40A6-BC4F-731D504591E2}"
EndProject
Project("{9A19103F-16F7-4668-BE54-9A1E7A4F7556}") = "Donguler", "Donguler\Donguler.csproj", "{E636779D-9B85-4FCB-A1A8-B3D2FD4F88E1}"
EndProject
Project("{9A19103F-16F7-4668-BE54-9A1E7A4F7556}") = "ClassIntro", "ClassIntro\ClassIntro.csproj", "{1FE563DF-9089-4F37-9DB6-0EAE38126EEE}"
EndProject
Project("{9A19103F-16F7-4668-BE54-9A1E7A4F7556}") = "odev1", "odev1\odev1.csproj", "{E2AB6941-2047-4F0F-B310-CFFC7C8CD5D3}"
EndProject
Project("{9A19103F-16F7-4668-BE54-9A1E7A4F7556}") = "odev2", "odev2\odev2.csproj", "{4F285F9E-3654-4E04-B37E-2C3B80B048D0}"
EndProject
Project("{9A19103F-16F7-4668-BE54-9A1E7A4F7556}") = "Metotlar", "Metotlar\Metotlar.csproj", "{50D7EA63-6E71-4921-8281-7F49AD9628EF}"
EndProject
Project("{9A19103F-16F7-4668-BE54-9A1E7A4F7556}") = "Matematik", "Matematik\Matematik.csproj", "{8939B424-2498-4D71-8476-AB577EAA5013}"
EndProject
Project("{9A19103F-16F7-4668-BE54-9A1E7A4F7556}") = "DegerVeReferansTipler", "DegerVeReferansTipler\DegerVeReferansTipler.csproj", "{0022D2D4-9EDC-4490-915C-D87C52A41BDA}"
EndProject
Project("{9A19103F-16F7-4668-BE54-9A1E7A4F7556}") = "ClassMetotDemo", "ClassMetotDemo\ClassMetotDemo.csproj", "{5BDD46ED-B868-4870-9224-3B54B11AE098}"
EndProject
Project("{9A19103F-16F7-4668-BE54-9A1E7A4F7556}") = "OOP1", "OOP1\OOP1.csproj", "{7B93C2ED-50DC-4DA7-A995-623811DF2E53}"
EndProject
Project("{9A19103F-16F7-4668-BE54-9A1E7A4F7556}") = "Koleksiyonlar", "Koleksiyonlar\Koleksiyonlar.csproj", "{065B2E6E-FB70-48E9-BFA7-D6D946E99306}"
EndProject
Project("{9A19103F-16F7-4668-BE54-9A1E7A4F7556}") = "GenericsIntro", "GenericsIntro\GenericsIntro.csproj", "{F227EC74-7787-4540-BA3F-74C830F4B294}"
EndProject
Project("{9A19103F-16F7-4668-BE54-9A1E7A4F7556}") = "Constructors", "Constructors\Constructors.csproj", "{C1F4BEE3-5D8B-481C-AF3D-C0B23F4B2CBB}"
EndProject
Project("{9A19103F-16F7-4668-BE54-9A1E7A4F7556}") = "Koleksiyonlar2", "Koleksiyonlar2\Koleksiyonlar2.csproj", "{1EFF1F26-E014-4A11-9019-44D4C9CE98B2}"
EndProject
Project("{9A19103F-16F7-4668-BE54-9A1E7A4F7556}") = "Dictionary", "Dictionary\Dictionary.csproj", "{D9BE0931-4D01-491A-A542-B6244FCFB0A8}"
EndProject
Project("{9A19103F-16F7-4668-BE54-9A1E7A4F7556}") = "OOP2", "OOP2\OOP2.csproj", "{97DB90B0-4EFC-498B-A9A6-7CBFED1E5776}"
EndProject
Project("{9A19103F-16F7-4668-BE54-9A1E7A4F7556}") = "OOP3", "OOP3\OOP3.csproj", "{A19CCA01-15C2-456A-A5C8-513A8F0A84D3}"
EndProject
Project("{9A19103F-16F7-4668-BE54-9A1E7A4F7556}") = "InterfacesDemo", "InterfacesDemo\InterfacesDemo.csproj", "{82729C55-9378-4094-A91B-053691B22A2D}"
EndProject
Project("{9A19103F-16F7-4668-BE54-9A1E7A4F7556}") = "Inheritance", "Inheritance\Inheritance.csproj", "{E037AA38-3D17-453B-957D-04CDEBCBC652}"
EndProject
Project("{9A19103F-16F7-4668-BE54-9A1E7A4F7556}") = "Interfaces", "Interfaces\Interfaces.csproj", "{6155B157-5823-49CF-8AC2-6B72035FE7FE}"
EndProject
Project("{9A19103F-16F7-4668-BE54-9A1E7A4F7556}") = "InterfaceAbstractDemo", "InterfaceAbstractDemo\InterfaceAbstractDemo.csproj", "{2333CDC4-2491-4EA3-A160-196B9BA04988}"
EndProject
Project("{9A19103F-16F7-4668-BE54-9A1E7A4F7556}") = "GameSalesSimulation", "GameSalesSimulation\GameSalesSimulation.csproj", "{3CEC7799-F640-4562-B017-AEAAA3DB1ACF}"
EndProject
Project("{9A19103F-16F7-4668-BE54-9A1E7A4F7556}") = "LinqProject", "LinqProject\LinqProject.csproj", "{AB07C913-2560-4909-B5F8-F90D0CC334A9}"
EndProject
Project("{9A19103F-16F7-4668-BE54-9A1E7A4F7556}") = "EntityFrameworkDemo", "EntityFrameworkDemo\EntityFrameworkDemo.csproj", "{9E88F465-DA9C-43B8-BAB1-57C4696C8310}"
EndProject
Project("{FAE04EC0-301F-11D3-BF4B-00C04F79EFBC}") = "Attributes", "Attributes\Attributes.csproj", "{63E037CA-85A8-4962-ACA0-010CDF72F48D}"
EndProject
Project("{FAE04EC0-301F-11D3-BF4B-00C04F79EFBC}") = "Reflection", "Reflection\Reflection.csproj", "{F101B66B-A830-490C-B425-5D0CC6C5B7A3}"
EndProject
Project("{FAE04EC0-301F-11D3-BF4B-00C04F79EFBC}") = "Delegates", "Delegates\Delegates.csproj", "{5F0F0662-7CA1-4A2B-9278-37C2938D188F}"
EndProject
Project("{FAE04EC0-301F-11D3-BF4B-00C04F79EFBC}") = "Events", "Events\Events.csproj", "{3435D235-87F6-4ED6-B030-F97C53B287F0}"
EndProject
Global
	GlobalSection(SolutionConfigurationPlatforms) = preSolution
		Debug|Any CPU = Debug|Any CPU
		Release|Any CPU = Release|Any CPU
	EndGlobalSection
	GlobalSection(ProjectConfigurationPlatforms) = postSolution
		{13AB54BC-CD58-40A6-BC4F-731D504591E2}.Debug|Any CPU.ActiveCfg = Debug|Any CPU
		{13AB54BC-CD58-40A6-BC4F-731D504591E2}.Debug|Any CPU.Build.0 = Debug|Any CPU
		{13AB54BC-CD58-40A6-BC4F-731D504591E2}.Release|Any CPU.ActiveCfg = Release|Any CPU
		{13AB54BC-CD58-40A6-BC4F-731D504591E2}.Release|Any CPU.Build.0 = Release|Any CPU
		{E636779D-9B85-4FCB-A1A8-B3D2FD4F88E1}.Debug|Any CPU.ActiveCfg = Debug|Any CPU
		{E636779D-9B85-4FCB-A1A8-B3D2FD4F88E1}.Debug|Any CPU.Build.0 = Debug|Any CPU
		{E636779D-9B85-4FCB-A1A8-B3D2FD4F88E1}.Release|Any CPU.ActiveCfg = Release|Any CPU
		{E636779D-9B85-4FCB-A1A8-B3D2FD4F88E1}.Release|Any CPU.Build.0 = Release|Any CPU
		{1FE563DF-9089-4F37-9DB6-0EAE38126EEE}.Debug|Any CPU.ActiveCfg = Debug|Any CPU
		{1FE563DF-9089-4F37-9DB6-0EAE38126EEE}.Debug|Any CPU.Build.0 = Debug|Any CPU
		{1FE563DF-9089-4F37-9DB6-0EAE38126EEE}.Release|Any CPU.ActiveCfg = Release|Any CPU
		{1FE563DF-9089-4F37-9DB6-0EAE38126EEE}.Release|Any CPU.Build.0 = Release|Any CPU
		{E2AB6941-2047-4F0F-B310-CFFC7C8CD5D3}.Debug|Any CPU.ActiveCfg = Debug|Any CPU
		{E2AB6941-2047-4F0F-B310-CFFC7C8CD5D3}.Debug|Any CPU.Build.0 = Debug|Any CPU
		{E2AB6941-2047-4F0F-B310-CFFC7C8CD5D3}.Release|Any CPU.ActiveCfg = Release|Any CPU
		{E2AB6941-2047-4F0F-B310-CFFC7C8CD5D3}.Release|Any CPU.Build.0 = Release|Any CPU
		{4F285F9E-3654-4E04-B37E-2C3B80B048D0}.Debug|Any CPU.ActiveCfg = Debug|Any CPU
		{4F285F9E-3654-4E04-B37E-2C3B80B048D0}.Debug|Any CPU.Build.0 = Debug|Any CPU
		{4F285F9E-3654-4E04-B37E-2C3B80B048D0}.Release|Any CPU.ActiveCfg = Release|Any CPU
		{4F285F9E-3654-4E04-B37E-2C3B80B048D0}.Release|Any CPU.Build.0 = Release|Any CPU
		{50D7EA63-6E71-4921-8281-7F49AD9628EF}.Debug|Any CPU.ActiveCfg = Debug|Any CPU
		{50D7EA63-6E71-4921-8281-7F49AD9628EF}.Debug|Any CPU.Build.0 = Debug|Any CPU
		{50D7EA63-6E71-4921-8281-7F49AD9628EF}.Release|Any CPU.ActiveCfg = Release|Any CPU
		{50D7EA63-6E71-4921-8281-7F49AD9628EF}.Release|Any CPU.Build.0 = Release|Any CPU
		{8939B424-2498-4D71-8476-AB577EAA5013}.Debug|Any CPU.ActiveCfg = Debug|Any CPU
		{8939B424-2498-4D71-8476-AB577EAA5013}.Debug|Any CPU.Build.0 = Debug|Any CPU
		{8939B424-2498-4D71-8476-AB577EAA5013}.Release|Any CPU.ActiveCfg = Release|Any CPU
		{8939B424-2498-4D71-8476-AB577EAA5013}.Release|Any CPU.Build.0 = Release|Any CPU
		{0022D2D4-9EDC-4490-915C-D87C52A41BDA}.Debug|Any CPU.ActiveCfg = Debug|Any CPU
		{0022D2D4-9EDC-4490-915C-D87C52A41BDA}.Debug|Any CPU.Build.0 = Debug|Any CPU
		{0022D2D4-9EDC-4490-915C-D87C52A41BDA}.Release|Any CPU.ActiveCfg = Release|Any CPU
		{0022D2D4-9EDC-4490-915C-D87C52A41BDA}.Release|Any CPU.Build.0 = Release|Any CPU
		{5BDD46ED-B868-4870-9224-3B54B11AE098}.Debug|Any CPU.ActiveCfg = Debug|Any CPU
		{5BDD46ED-B868-4870-9224-3B54B11AE098}.Debug|Any CPU.Build.0 = Debug|Any CPU
		{5BDD46ED-B868-4870-9224-3B54B11AE098}.Release|Any CPU.ActiveCfg = Release|Any CPU
		{5BDD46ED-B868-4870-9224-3B54B11AE098}.Release|Any CPU.Build.0 = Release|Any CPU
		{7B93C2ED-50DC-4DA7-A995-623811DF2E53}.Debug|Any CPU.ActiveCfg = Debug|Any CPU
		{7B93C2ED-50DC-4DA7-A995-623811DF2E53}.Debug|Any CPU.Build.0 = Debug|Any CPU
		{7B93C2ED-50DC-4DA7-A995-623811DF2E53}.Release|Any CPU.ActiveCfg = Release|Any CPU
		{7B93C2ED-50DC-4DA7-A995-623811DF2E53}.Release|Any CPU.Build.0 = Release|Any CPU
		{065B2E6E-FB70-48E9-BFA7-D6D946E99306}.Debug|Any CPU.ActiveCfg = Debug|Any CPU
		{065B2E6E-FB70-48E9-BFA7-D6D946E99306}.Debug|Any CPU.Build.0 = Debug|Any CPU
		{065B2E6E-FB70-48E9-BFA7-D6D946E99306}.Release|Any CPU.ActiveCfg = Release|Any CPU
		{065B2E6E-FB70-48E9-BFA7-D6D946E99306}.Release|Any CPU.Build.0 = Release|Any CPU
		{F227EC74-7787-4540-BA3F-74C830F4B294}.Debug|Any CPU.ActiveCfg = Debug|Any CPU
		{F227EC74-7787-4540-BA3F-74C830F4B294}.Debug|Any CPU.Build.0 = Debug|Any CPU
		{F227EC74-7787-4540-BA3F-74C830F4B294}.Release|Any CPU.ActiveCfg = Release|Any CPU
		{F227EC74-7787-4540-BA3F-74C830F4B294}.Release|Any CPU.Build.0 = Release|Any CPU
		{C1F4BEE3-5D8B-481C-AF3D-C0B23F4B2CBB}.Debug|Any CPU.ActiveCfg = Debug|Any CPU
		{C1F4BEE3-5D8B-481C-AF3D-C0B23F4B2CBB}.Debug|Any CPU.Build.0 = Debug|Any CPU
		{C1F4BEE3-5D8B-481C-AF3D-C0B23F4B2CBB}.Release|Any CPU.ActiveCfg = Release|Any CPU
		{C1F4BEE3-5D8B-481C-AF3D-C0B23F4B2CBB}.Release|Any CPU.Build.0 = Release|Any CPU
		{1EFF1F26-E014-4A11-9019-44D4C9CE98B2}.Debug|Any CPU.ActiveCfg = Debug|Any CPU
		{1EFF1F26-E014-4A11-9019-44D4C9CE98B2}.Debug|Any CPU.Build.0 = Debug|Any CPU
		{1EFF1F26-E014-4A11-9019-44D4C9CE98B2}.Release|Any CPU.ActiveCfg = Release|Any CPU
		{1EFF1F26-E014-4A11-9019-44D4C9CE98B2}.Release|Any CPU.Build.0 = Release|Any CPU
		{D9BE0931-4D01-491A-A542-B6244FCFB0A8}.Debug|Any CPU.ActiveCfg = Debug|Any CPU
		{D9BE0931-4D01-491A-A542-B6244FCFB0A8}.Debug|Any CPU.Build.0 = Debug|Any CPU
		{D9BE0931-4D01-491A-A542-B6244FCFB0A8}.Release|Any CPU.ActiveCfg = Release|Any CPU
		{D9BE0931-4D01-491A-A542-B6244FCFB0A8}.Release|Any CPU.Build.0 = Release|Any CPU
		{97DB90B0-4EFC-498B-A9A6-7CBFED1E5776}.Debug|Any CPU.ActiveCfg = Debug|Any CPU
		{97DB90B0-4EFC-498B-A9A6-7CBFED1E5776}.Debug|Any CPU.Build.0 = Debug|Any CPU
		{97DB90B0-4EFC-498B-A9A6-7CBFED1E5776}.Release|Any CPU.ActiveCfg = Release|Any CPU
		{97DB90B0-4EFC-498B-A9A6-7CBFED1E5776}.Release|Any CPU.Build.0 = Release|Any CPU
		{A19CCA01-15C2-456A-A5C8-513A8F0A84D3}.Debug|Any CPU.ActiveCfg = Debug|Any CPU
		{A19CCA01-15C2-456A-A5C8-513A8F0A84D3}.Debug|Any CPU.Build.0 = Debug|Any CPU
		{A19CCA01-15C2-456A-A5C8-513A8F0A84D3}.Release|Any CPU.ActiveCfg = Release|Any CPU
		{A19CCA01-15C2-456A-A5C8-513A8F0A84D3}.Release|Any CPU.Build.0 = Release|Any CPU
		{82729C55-9378-4094-A91B-053691B22A2D}.Debug|Any CPU.ActiveCfg = Debug|Any CPU
		{82729C55-9378-4094-A91B-053691B22A2D}.Debug|Any CPU.Build.0 = Debug|Any CPU
		{82729C55-9378-4094-A91B-053691B22A2D}.Release|Any CPU.ActiveCfg = Release|Any CPU
		{82729C55-9378-4094-A91B-053691B22A2D}.Release|Any CPU.Build.0 = Release|Any CPU
		{E037AA38-3D17-453B-957D-04CDEBCBC652}.Debug|Any CPU.ActiveCfg = Debug|Any CPU
		{E037AA38-3D17-453B-957D-04CDEBCBC652}.Debug|Any CPU.Build.0 = Debug|Any CPU
		{E037AA38-3D17-453B-957D-04CDEBCBC652}.Release|Any CPU.ActiveCfg = Release|Any CPU
		{E037AA38-3D17-453B-957D-04CDEBCBC652}.Release|Any CPU.Build.0 = Release|Any CPU
		{6155B157-5823-49CF-8AC2-6B72035FE7FE}.Debug|Any CPU.ActiveCfg = Debug|Any CPU
		{6155B157-5823-49CF-8AC2-6B72035FE7FE}.Debug|Any CPU.Build.0 = Debug|Any CPU
		{6155B157-5823-49CF-8AC2-6B72035FE7FE}.Release|Any CPU.ActiveCfg = Release|Any CPU
		{6155B157-5823-49CF-8AC2-6B72035FE7FE}.Release|Any CPU.Build.0 = Release|Any CPU
		{2333CDC4-2491-4EA3-A160-196B9BA04988}.Debug|Any CPU.ActiveCfg = Debug|Any CPU
		{2333CDC4-2491-4EA3-A160-196B9BA04988}.Debug|Any CPU.Build.0 = Debug|Any CPU
		{2333CDC4-2491-4EA3-A160-196B9BA04988}.Release|Any CPU.ActiveCfg = Release|Any CPU
		{2333CDC4-2491-4EA3-A160-196B9BA04988}.Release|Any CPU.Build.0 = Release|Any CPU
		{3CEC7799-F640-4562-B017-AEAAA3DB1ACF}.Debug|Any CPU.ActiveCfg = Debug|Any CPU
		{3CEC7799-F640-4562-B017-AEAAA3DB1ACF}.Debug|Any CPU.Build.0 = Debug|Any CPU
		{3CEC7799-F640-4562-B017-AEAAA3DB1ACF}.Release|Any CPU.ActiveCfg = Release|Any CPU
		{3CEC7799-F640-4562-B017-AEAAA3DB1ACF}.Release|Any CPU.Build.0 = Release|Any CPU
		{AB07C913-2560-4909-B5F8-F90D0CC334A9}.Debug|Any CPU.ActiveCfg = Debug|Any CPU
		{AB07C913-2560-4909-B5F8-F90D0CC334A9}.Debug|Any CPU.Build.0 = Debug|Any CPU
		{AB07C913-2560-4909-B5F8-F90D0CC334A9}.Release|Any CPU.ActiveCfg = Release|Any CPU
		{AB07C913-2560-4909-B5F8-F90D0CC334A9}.Release|Any CPU.Build.0 = Release|Any CPU
		{9E88F465-DA9C-43B8-BAB1-57C4696C8310}.Debug|Any CPU.ActiveCfg = Debug|Any CPU
		{9E88F465-DA9C-43B8-BAB1-57C4696C8310}.Debug|Any CPU.Build.0 = Debug|Any CPU
		{9E88F465-DA9C-43B8-BAB1-57C4696C8310}.Release|Any CPU.ActiveCfg = Release|Any CPU
		{9E88F465-DA9C-43B8-BAB1-57C4696C8310}.Release|Any CPU.Build.0 = Release|Any CPU
		{63E037CA-85A8-4962-ACA0-010CDF72F48D}.Debug|Any CPU.ActiveCfg = Debug|Any CPU
		{63E037CA-85A8-4962-ACA0-010CDF72F48D}.Debug|Any CPU.Build.0 = Debug|Any CPU
		{63E037CA-85A8-4962-ACA0-010CDF72F48D}.Release|Any CPU.ActiveCfg = Release|Any CPU
		{63E037CA-85A8-4962-ACA0-010CDF72F48D}.Release|Any CPU.Build.0 = Release|Any CPU
		{F101B66B-A830-490C-B425-5D0CC6C5B7A3}.Debug|Any CPU.ActiveCfg = Debug|Any CPU
		{F101B66B-A830-490C-B425-5D0CC6C5B7A3}.Debug|Any CPU.Build.0 = Debug|Any CPU
		{F101B66B-A830-490C-B425-5D0CC6C5B7A3}.Release|Any CPU.ActiveCfg = Release|Any CPU
		{F101B66B-A830-490C-B425-5D0CC6C5B7A3}.Release|Any CPU.Build.0 = Release|Any CPU
		{5F0F0662-7CA1-4A2B-9278-37C2938D188F}.Debug|Any CPU.ActiveCfg = Debug|Any CPU
		{5F0F0662-7CA1-4A2B-9278-37C2938D188F}.Debug|Any CPU.Build.0 = Debug|Any CPU
		{5F0F0662-7CA1-4A2B-9278-37C2938D188F}.Release|Any CPU.ActiveCfg = Release|Any CPU
		{5F0F0662-7CA1-4A2B-9278-37C2938D188F}.Release|Any CPU.Build.0 = Release|Any CPU
		{3435D235-87F6-4ED6-B030-F97C53B287F0}.Debug|Any CPU.ActiveCfg = Debug|Any CPU
		{3435D235-87F6-4ED6-B030-F97C53B287F0}.Debug|Any CPU.Build.0 = Debug|Any CPU
		{3435D235-87F6-4ED6-B030-F97C53B287F0}.Release|Any CPU.ActiveCfg = Release|Any CPU
		{3435D235-87F6-4ED6-B030-F97C53B287F0}.Release|Any CPU.Build.0 = Release|Any CPU
	EndGlobalSection
	GlobalSection(SolutionProperties) = preSolution
		HideSolutionNode = FALSE
	EndGlobalSection
	GlobalSection(ExtensibilityGlobals) = postSolution
		SolutionGuid = {A890ECB7-5A53-4401-BB40-73ADFFF140CD}
	EndGlobalSection
EndGlobal
